
Microsoft Visual Studio Solution File, Format Version 12.00
# Visual Studio Version 17
VisualStudioVersion = 17.11.35208.52
MinimumVisualStudioVersion = 10.0.40219.1
Project("{9A19103F-16F7-4668-BE54-9A1E7A4F7556}") = "BT1", "BT1\BT1.csproj", "{6E26270F-9A66-499E-8411-BD5355FEE130}"
EndProject
Project("{FAE04EC0-301F-11D3-BF4B-00C04F79EFBC}") = "BT2", "BT2\BT2.csproj", "{153FD5E7-5416-4E40-B20A-1321F8567097}"
EndProject
Global
	GlobalSection(SolutionConfigurationPlatforms) = preSolution
		Debug|Any CPU = Debug|Any CPU
		Release|Any CPU = Release|Any CPU
	EndGlobalSection
	GlobalSection(ProjectConfigurationPlatforms) = postSolution
		{6E26270F-9A66-499E-8411-BD5355FEE130}.Debug|Any CPU.ActiveCfg = Debug|Any CPU
		{6E26270F-9A66-499E-8411-BD5355FEE130}.Debug|Any CPU.Build.0 = Debug|Any CPU
		{6E26270F-9A66-499E-8411-BD5355FEE130}.Release|Any CPU.ActiveCfg = Release|Any CPU
		{6E26270F-9A66-499E-8411-BD5355FEE130}.Release|Any CPU.Build.0 = Release|Any CPU
		{153FD5E7-5416-4E40-B20A-1321F8567097}.Debug|Any CPU.ActiveCfg = Debug|Any CPU
		{153FD5E7-5416-4E40-B20A-1321F8567097}.Debug|Any CPU.Build.0 = Debug|Any CPU
		{153FD5E7-5416-4E40-B20A-1321F8567097}.Release|Any CPU.ActiveCfg = Release|Any CPU
		{153FD5E7-5416-4E40-B20A-1321F8567097}.Release|Any CPU.Build.0 = Release|Any CPU
	EndGlobalSection
	GlobalSection(SolutionProperties) = preSolution
		HideSolutionNode = FALSE
	EndGlobalSection
	GlobalSection(ExtensibilityGlobals) = postSolution
		SolutionGuid = {48A9FF9B-30D1-44B9-A51C-6DDC230880BC}
	EndGlobalSection
EndGlobal
